// !$*UTF8*$!
{
	archiveVersion = 1;
	classes = {
	};
	objectVersion = 46;
	objects = {

/* Begin PBXBuildFile section */
		1E439EAF1DBEF8E600C26E6D /* DetailBook.swift in Sources */ = {isa = PBXBuildFile; fileRef = 1E439EAE1DBEF8E600C26E6D /* DetailBook.swift */; };
		1E439EB41DBF0C9600C26E6D /* LoadURL.swift in Sources */ = {isa = PBXBuildFile; fileRef = 1E439EB31DBF0C9600C26E6D /* LoadURL.swift */; };
		1E490CD11DBDBE7A00233489 /* AppDelegate.swift in Sources */ = {isa = PBXBuildFile; fileRef = 1E490CD01DBDBE7A00233489 /* AppDelegate.swift */; };
		1E490CD31DBDBE7A00233489 /* ViewController.swift in Sources */ = {isa = PBXBuildFile; fileRef = 1E490CD21DBDBE7A00233489 /* ViewController.swift */; };
		1E490CD61DBDBE7A00233489 /* Main.storyboard in Resources */ = {isa = PBXBuildFile; fileRef = 1E490CD41DBDBE7A00233489 /* Main.storyboard */; };
		1E490CD81DBDBE7A00233489 /* Assets.xcassets in Resources */ = {isa = PBXBuildFile; fileRef = 1E490CD71DBDBE7A00233489 /* Assets.xcassets */; };
		1E490CDB1DBDBE7A00233489 /* LaunchScreen.storyboard in Resources */ = {isa = PBXBuildFile; fileRef = 1E490CD91DBDBE7A00233489 /* LaunchScreen.storyboard */; };
		1E490CE31DBDC01300233489 /* ViewBooks.swift in Sources */ = {isa = PBXBuildFile; fileRef = 1E490CE21DBDC01300233489 /* ViewBooks.swift */; };
		1E490D331DBDCB0700233489 /* AcellBook.swift in Sources */ = {isa = PBXBuildFile; fileRef = 1E490D321DBDCB0700233489 /* AcellBook.swift */; };
		1E67FAE51DC050B500D43A6C /* doc.png in Resources */ = {isa = PBXBuildFile; fileRef = 1E67FABE1DC050B500D43A6C /* doc.png */; };
		1E67FAE61DC050B500D43A6C /* coexistcrane.docx in Resources */ = {isa = PBXBuildFile; fileRef = 1E67FAC01DC050B500D43A6C /* coexistcrane.docx */; };
		1E67FAE71DC050B500D43A6C /* coexistcrane.jpg in Resources */ = {isa = PBXBuildFile; fileRef = 1E67FAC11DC050B500D43A6C /* coexistcrane.jpg */; };
		1E67FAE81DC050B500D43A6C /* darkkisssylviaday.docx in Resources */ = {isa = PBXBuildFile; fileRef = 1E67FAC21DC050B500D43A6C /* darkkisssylviaday.docx */; };
		1E67FAE91DC050B500D43A6C /* darkkisssylviaday.jpg in Resources */ = {isa = PBXBuildFile; fileRef = 1E67FAC31DC050B500D43A6C /* darkkisssylviaday.jpg */; };
		1E67FAEA1DC050B500D43A6C /* isthislove.docx in Resources */ = {isa = PBXBuildFile; fileRef = 1E67FAC41DC050B500D43A6C /* isthislove.docx */; };
		1E67FAEB1DC050B500D43A6C /* isthislove.jpg in Resources */ = {isa = PBXBuildFile; fileRef = 1E67FAC51DC050B500D43A6C /* isthislove.jpg */; };
		1E67FAEC1DC050B500D43A6C /* lovelikethishubbard.docx in Resources */ = {isa = PBXBuildFile; fileRef = 1E67FAC61DC050B500D43A6C /* lovelikethishubbard.docx */; };
		1E67FAED1DC050B500D43A6C /* lovelikethishubbard.jpg in Resources */ = {isa = PBXBuildFile; fileRef = 1E67FAC71DC050B500D43A6C /* lovelikethishubbard.jpg */; };
		1E67FAEE1DC050B500D43A6C /* lumberlacewards.docx in Resources */ = {isa = PBXBuildFile; fileRef = 1E67FAC81DC050B500D43A6C /* lumberlacewards.docx */; };
		1E67FAEF1DC050B500D43A6C /* lumberlacewards.jpg in Resources */ = {isa = PBXBuildFile; fileRef = 1E67FAC91DC050B500D43A6C /* lumberlacewards.jpg */; };
		1E67FAF01DC050B500D43A6C /* Lập trình iOS Objective-C.html in Resources */ = {isa = PBXBuildFile; fileRef = 1E67FACB1DC050B500D43A6C /* Lập trình iOS Objective-C.html */; };
		1E67FAF11DC050B500D43A6C /* Lập trình iOS Objective-C.jpg in Resources */ = {isa = PBXBuildFile; fileRef = 1E67FACC1DC050B500D43A6C /* Lập trình iOS Objective-C.jpg */; };
		1E67FAF21DC050B500D43A6C /* html.png in Resources */ = {isa = PBXBuildFile; fileRef = 1E67FACD1DC050B500D43A6C /* html.png */; };
		1E67FAF31DC050B500D43A6C /* abrieferhistory.jpg in Resources */ = {isa = PBXBuildFile; fileRef = 1E67FACF1DC050B500D43A6C /* abrieferhistory.jpg */; };
		1E67FAF41DC050B500D43A6C /* abrieferhistory.pdf in Resources */ = {isa = PBXBuildFile; fileRef = 1E67FAD01DC050B500D43A6C /* abrieferhistory.pdf */; };
		1E67FAF51DC050B500D43A6C /* aspoofonsexdonwireman.jpg in Resources */ = {isa = PBXBuildFile; fileRef = 1E67FAD11DC050B500D43A6C /* aspoofonsexdonwireman.jpg */; };
		1E67FAF61DC050B500D43A6C /* aspoofonsexdonwireman.pdf in Resources */ = {isa = PBXBuildFile; fileRef = 1E67FAD21DC050B500D43A6C /* aspoofonsexdonwireman.pdf */; };
		1E67FAF71DC050B500D43A6C /* barrysworldjenvey.jpg in Resources */ = {isa = PBXBuildFile; fileRef = 1E67FAD31DC050B500D43A6C /* barrysworldjenvey.jpg */; };
		1E67FAF81DC050B500D43A6C /* barrysworldjenvey.pdf in Resources */ = {isa = PBXBuildFile; fileRef = 1E67FAD41DC050B500D43A6C /* barrysworldjenvey.pdf */; };
		1E67FAF91DC050B500D43A6C /* foreigneduwilliam.jpg in Resources */ = {isa = PBXBuildFile; fileRef = 1E67FAD51DC050B500D43A6C /* foreigneduwilliam.jpg */; };
		1E67FAFA1DC050B500D43A6C /* foreigneduwilliam.pdf in Resources */ = {isa = PBXBuildFile; fileRef = 1E67FAD61DC050B500D43A6C /* foreigneduwilliam.pdf */; };
		1E67FAFB1DC050B500D43A6C /* gonewithtrash.jpg in Resources */ = {isa = PBXBuildFile; fileRef = 1E67FAD71DC050B500D43A6C /* gonewithtrash.jpg */; };
		1E67FAFC1DC050B500D43A6C /* gonewithtrash.pdf in Resources */ = {isa = PBXBuildFile; fileRef = 1E67FAD81DC050B500D43A6C /* gonewithtrash.pdf */; };
		1E67FAFD1DC050B500D43A6C /* gospelbuckydennis.jpg in Resources */ = {isa = PBXBuildFile; fileRef = 1E67FAD91DC050B500D43A6C /* gospelbuckydennis.jpg */; };
		1E67FAFE1DC050B500D43A6C /* gospelbuckydennis.pdf in Resources */ = {isa = PBXBuildFile; fileRef = 1E67FADA1DC050B500D43A6C /* gospelbuckydennis.pdf */; };
		1E67FAFF1DC050B500D43A6C /* oddjobsbowling.jpg in Resources */ = {isa = PBXBuildFile; fileRef = 1E67FADB1DC050B500D43A6C /* oddjobsbowling.jpg */; };
		1E67FB001DC050B500D43A6C /* oddjobsbowling.pdf in Resources */ = {isa = PBXBuildFile; fileRef = 1E67FADC1DC050B500D43A6C /* oddjobsbowling.pdf */; };
		1E67FB011DC050B500D43A6C /* oneclownshortwright.jpg in Resources */ = {isa = PBXBuildFile; fileRef = 1E67FADD1DC050B500D43A6C /* oneclownshortwright.jpg */; };
		1E67FB021DC050B500D43A6C /* oneclownshortwright.pdf in Resources */ = {isa = PBXBuildFile; fileRef = 1E67FADE1DC050B500D43A6C /* oneclownshortwright.pdf */; };
		1E67FB031DC050B500D43A6C /* questingromana.jpg in Resources */ = {isa = PBXBuildFile; fileRef = 1E67FADF1DC050B500D43A6C /* questingromana.jpg */; };
		1E67FB041DC050B500D43A6C /* questingromana.pdf in Resources */ = {isa = PBXBuildFile; fileRef = 1E67FAE01DC050B500D43A6C /* questingromana.pdf */; };
		1E67FB051DC050B500D43A6C /* thedistancetravelled.jpg in Resources */ = {isa = PBXBuildFile; fileRef = 1E67FAE11DC050B500D43A6C /* thedistancetravelled.jpg */; };
		1E67FB061DC050B500D43A6C /* thedistancetravelled.pdf in Resources */ = {isa = PBXBuildFile; fileRef = 1E67FAE21DC050B500D43A6C /* thedistancetravelled.pdf */; };
		1E67FB071DC050B500D43A6C /* pdf.png in Resources */ = {isa = PBXBuildFile; fileRef = 1E67FAE31DC050B500D43A6C /* pdf.png */; };
		1E67FB081DC050B500D43A6C /* web.png in Resources */ = {isa = PBXBuildFile; fileRef = 1E67FAE41DC050B500D43A6C /* web.png */; };
/* End PBXBuildFile section */

/* Begin PBXFileReference section */
		1E439EAE1DBEF8E600C26E6D /* DetailBook.swift */ = {isa = PBXFileReference; fileEncoding = 4; lastKnownFileType = sourcecode.swift; path = DetailBook.swift; sourceTree = "<group>"; };
		1E439EB31DBF0C9600C26E6D /* LoadURL.swift */ = {isa = PBXFileReference; fileEncoding = 4; lastKnownFileType = sourcecode.swift; path = LoadURL.swift; sourceTree = "<group>"; };
		1E490CCD1DBDBE7A00233489 /* WebView.app */ = {isa = PBXFileReference; explicitFileType = wrapper.application; includeInIndex = 0; path = WebView.app; sourceTree = BUILT_PRODUCTS_DIR; };
		1E490CD01DBDBE7A00233489 /* AppDelegate.swift */ = {isa = PBXFileReference; lastKnownFileType = sourcecode.swift; path = AppDelegate.swift; sourceTree = "<group>"; };
		1E490CD21DBDBE7A00233489 /* ViewController.swift */ = {isa = PBXFileReference; lastKnownFileType = sourcecode.swift; path = ViewController.swift; sourceTree = "<group>"; };
		1E490CD51DBDBE7A00233489 /* Base */ = {isa = PBXFileReference; lastKnownFileType = file.storyboard; name = Base; path = Base.lproj/Main.storyboard; sourceTree = "<group>"; };
		1E490CD71DBDBE7A00233489 /* Assets.xcassets */ = {isa = PBXFileReference; lastKnownFileType = folder.assetcatalog; path = Assets.xcassets; sourceTree = "<group>"; };
		1E490CDA1DBDBE7A00233489 /* Base */ = {isa = PBXFileReference; lastKnownFileType = file.storyboard; name = Base; path = Base.lproj/LaunchScreen.storyboard; sourceTree = "<group>"; };
		1E490CDC1DBDBE7A00233489 /* Info.plist */ = {isa = PBXFileReference; lastKnownFileType = text.plist.xml; path = Info.plist; sourceTree = "<group>"; };
		1E490CE21DBDC01300233489 /* ViewBooks.swift */ = {isa = PBXFileReference; fileEncoding = 4; lastKnownFileType = sourcecode.swift; path = ViewBooks.swift; sourceTree = "<group>"; };
		1E490D321DBDCB0700233489 /* AcellBook.swift */ = {isa = PBXFileReference; fileEncoding = 4; lastKnownFileType = sourcecode.swift; path = AcellBook.swift; sourceTree = "<group>"; };
		1E67FABE1DC050B500D43A6C /* doc.png */ = {isa = PBXFileReference; lastKnownFileType = image.png; path = doc.png; sourceTree = "<group>"; };
		1E67FAC01DC050B500D43A6C /* coexistcrane.docx */ = {isa = PBXFileReference; lastKnownFileType = file; path = coexistcrane.docx; sourceTree = "<group>"; };
		1E67FAC11DC050B500D43A6C /* coexistcrane.jpg */ = {isa = PBXFileReference; lastKnownFileType = image.jpeg; path = coexistcrane.jpg; sourceTree = "<group>"; };
		1E67FAC21DC050B500D43A6C /* darkkisssylviaday.docx */ = {isa = PBXFileReference; lastKnownFileType = file; path = darkkisssylviaday.docx; sourceTree = "<group>"; };
		1E67FAC31DC050B500D43A6C /* darkkisssylviaday.jpg */ = {isa = PBXFileReference; lastKnownFileType = image.jpeg; path = darkkisssylviaday.jpg; sourceTree = "<group>"; };
		1E67FAC41DC050B500D43A6C /* isthislove.docx */ = {isa = PBXFileReference; lastKnownFileType = file; path = isthislove.docx; sourceTree = "<group>"; };
		1E67FAC51DC050B500D43A6C /* isthislove.jpg */ = {isa = PBXFileReference; lastKnownFileType = image.jpeg; path = isthislove.jpg; sourceTree = "<group>"; };
		1E67FAC61DC050B500D43A6C /* lovelikethishubbard.docx */ = {isa = PBXFileReference; lastKnownFileType = file; path = lovelikethishubbard.docx; sourceTree = "<group>"; };
		1E67FAC71DC050B500D43A6C /* lovelikethishubbard.jpg */ = {isa = PBXFileReference; lastKnownFileType = image.jpeg; path = lovelikethishubbard.jpg; sourceTree = "<group>"; };
		1E67FAC81DC050B500D43A6C /* lumberlacewards.docx */ = {isa = PBXFileReference; lastKnownFileType = file; path = lumberlacewards.docx; sourceTree = "<group>"; };
		1E67FAC91DC050B500D43A6C /* lumberlacewards.jpg */ = {isa = PBXFileReference; lastKnownFileType = image.jpeg; path = lumberlacewards.jpg; sourceTree = "<group>"; };
		1E67FACB1DC050B500D43A6C /* Lập trình iOS Objective-C.html */ = {isa = PBXFileReference; fileEncoding = 4; lastKnownFileType = text.html; path = "Lập trình iOS Objective-C.html"; sourceTree = "<group>"; };
		1E67FACC1DC050B500D43A6C /* Lập trình iOS Objective-C.jpg */ = {isa = PBXFileReference; lastKnownFileType = image.jpeg; path = "Lập trình iOS Objective-C.jpg"; sourceTree = "<group>"; };
		1E67FACD1DC050B500D43A6C /* html.png */ = {isa = PBXFileReference; lastKnownFileType = image.png; path = html.png; sourceTree = "<group>"; };
		1E67FACF1DC050B500D43A6C /* abrieferhistory.jpg */ = {isa = PBXFileReference; lastKnownFileType = image.jpeg; path = abrieferhistory.jpg; sourceTree = "<group>"; };
		1E67FAD01DC050B500D43A6C /* abrieferhistory.pdf */ = {isa = PBXFileReference; lastKnownFileType = image.pdf; path = abrieferhistory.pdf; sourceTree = "<group>"; };
		1E67FAD11DC050B500D43A6C /* aspoofonsexdonwireman.jpg */ = {isa = PBXFileReference; lastKnownFileType = image.jpeg; path = aspoofonsexdonwireman.jpg; sourceTree = "<group>"; };
		1E67FAD21DC050B500D43A6C /* aspoofonsexdonwireman.pdf */ = {isa = PBXFileReference; lastKnownFileType = image.pdf; path = aspoofonsexdonwireman.pdf; sourceTree = "<group>"; };
		1E67FAD31DC050B500D43A6C /* barrysworldjenvey.jpg */ = {isa = PBXFileReference; lastKnownFileType = image.jpeg; path = barrysworldjenvey.jpg; sourceTree = "<group>"; };
		1E67FAD41DC050B500D43A6C /* barrysworldjenvey.pdf */ = {isa = PBXFileReference; lastKnownFileType = image.pdf; path = barrysworldjenvey.pdf; sourceTree = "<group>"; };
		1E67FAD51DC050B500D43A6C /* foreigneduwilliam.jpg */ = {isa = PBXFileReference; lastKnownFileType = image.jpeg; path = foreigneduwilliam.jpg; sourceTree = "<group>"; };
		1E67FAD61DC050B500D43A6C /* foreigneduwilliam.pdf */ = {isa = PBXFileReference; lastKnownFileType = image.pdf; path = foreigneduwilliam.pdf; sourceTree = "<group>"; };
		1E67FAD71DC050B500D43A6C /* gonewithtrash.jpg */ = {isa = PBXFileReference; lastKnownFileType = image.jpeg; path = gonewithtrash.jpg; sourceTree = "<group>"; };
		1E67FAD81DC050B500D43A6C /* gonewithtrash.pdf */ = {isa = PBXFileReference; lastKnownFileType = image.pdf; path = gonewithtrash.pdf; sourceTree = "<group>"; };
		1E67FAD91DC050B500D43A6C /* gospelbuckydennis.jpg */ = {isa = PBXFileReference; lastKnownFileType = image.jpeg; path = gospelbuckydennis.jpg; sourceTree = "<group>"; };
		1E67FADA1DC050B500D43A6C /* gospelbuckydennis.pdf */ = {isa = PBXFileReference; lastKnownFileType = image.pdf; path = gospelbuckydennis.pdf; sourceTree = "<group>"; };
		1E67FADB1DC050B500D43A6C /* oddjobsbowling.jpg */ = {isa = PBXFileReference; lastKnownFileType = image.jpeg; path = oddjobsbowling.jpg; sourceTree = "<group>"; };
		1E67FADC1DC050B500D43A6C /* oddjobsbowling.pdf */ = {isa = PBXFileReference; lastKnownFileType = image.pdf; path = oddjobsbowling.pdf; sourceTree = "<group>"; };
		1E67FADD1DC050B500D43A6C /* oneclownshortwright.jpg */ = {isa = PBXFileReference; lastKnownFileType = image.jpeg; path = oneclownshortwright.jpg; sourceTree = "<group>"; };
		1E67FADE1DC050B500D43A6C /* oneclownshortwright.pdf */ = {isa = PBXFileReference; lastKnownFileType = image.pdf; path = oneclownshortwright.pdf; sourceTree = "<group>"; };
		1E67FADF1DC050B500D43A6C /* questingromana.jpg */ = {isa = PBXFileReference; lastKnownFileType = image.jpeg; path = questingromana.jpg; sourceTree = "<group>"; };
		1E67FAE01DC050B500D43A6C /* questingromana.pdf */ = {isa = PBXFileReference; lastKnownFileType = image.pdf; path = questingromana.pdf; sourceTree = "<group>"; };
		1E67FAE11DC050B500D43A6C /* thedistancetravelled.jpg */ = {isa = PBXFileReference; lastKnownFileType = image.jpeg; path = thedistancetravelled.jpg; sourceTree = "<group>"; };
		1E67FAE21DC050B500D43A6C /* thedistancetravelled.pdf */ = {isa = PBXFileReference; lastKnownFileType = image.pdf; path = thedistancetravelled.pdf; sourceTree = "<group>"; };
		1E67FAE31DC050B500D43A6C /* pdf.png */ = {isa = PBXFileReference; lastKnownFileType = image.png; path = pdf.png; sourceTree = "<group>"; };
		1E67FAE41DC050B500D43A6C /* web.png */ = {isa = PBXFileReference; lastKnownFileType = image.png; path = web.png; sourceTree = "<group>"; };
/* End PBXFileReference section */

/* Begin PBXFrameworksBuildPhase section */
		1E490CCA1DBDBE7A00233489 /* Frameworks */ = {
			isa = PBXFrameworksBuildPhase;
			buildActionMask = 2147483647;
			files = (
			);
			runOnlyForDeploymentPostprocessing = 0;
		};
/* End PBXFrameworksBuildPhase section */

/* Begin PBXGroup section */
		1E439EAD1DBEF84C00C26E6D /* ViewDetailBook */ = {
			isa = PBXGroup;
			children = (
				1E439EAE1DBEF8E600C26E6D /* DetailBook.swift */,
			);
			name = ViewDetailBook;
			sourceTree = "<group>";
		};
		1E439EB21DBF0C6900C26E6D /* LoadURL */ = {
			isa = PBXGroup;
			children = (
				1E439EB31DBF0C9600C26E6D /* LoadURL.swift */,
			);
			name = LoadURL;
			sourceTree = "<group>";
		};
		1E490CC41DBDBE7A00233489 = {
			isa = PBXGroup;
			children = (
				1E490CCF1DBDBE7A00233489 /* WebView */,
				1E490CCE1DBDBE7A00233489 /* Products */,
			);
			sourceTree = "<group>";
		};
		1E490CCE1DBDBE7A00233489 /* Products */ = {
			isa = PBXGroup;
			children = (
				1E490CCD1DBDBE7A00233489 /* WebView.app */,
			);
			name = Products;
			sourceTree = "<group>";
		};
		1E490CCF1DBDBE7A00233489 /* WebView */ = {
			isa = PBXGroup;
			children = (
				1E67FABD1DC050B500D43A6C /* Source */,
				1E439EB21DBF0C6900C26E6D /* LoadURL */,
				1E439EAD1DBEF84C00C26E6D /* ViewDetailBook */,
				1E490D311DBDC55B00233489 /* Home */,
				1E490CD01DBDBE7A00233489 /* AppDelegate.swift */,
				1E490CD21DBDBE7A00233489 /* ViewController.swift */,
				1E490CD41DBDBE7A00233489 /* Main.storyboard */,
				1E490CD71DBDBE7A00233489 /* Assets.xcassets */,
				1E490CD91DBDBE7A00233489 /* LaunchScreen.storyboard */,
				1E490CDC1DBDBE7A00233489 /* Info.plist */,
			);
			path = WebView;
			sourceTree = "<group>";
		};
		1E490D311DBDC55B00233489 /* Home */ = {
			isa = PBXGroup;
			children = (
				1E490CE21DBDC01300233489 /* ViewBooks.swift */,
				1E490D321DBDCB0700233489 /* AcellBook.swift */,
			);
			name = Home;
			sourceTree = "<group>";
		};
		1E67FABD1DC050B500D43A6C /* Source */ = {
			isa = PBXGroup;
			children = (
				1E67FABE1DC050B500D43A6C /* doc.png */,
				1E67FABF1DC050B500D43A6C /* Docx */,
				1E67FACA1DC050B500D43A6C /* Html */,
				1E67FACD1DC050B500D43A6C /* html.png */,
				1E67FACE1DC050B500D43A6C /* PDF */,
				1E67FAE31DC050B500D43A6C /* pdf.png */,
				1E67FAE41DC050B500D43A6C /* web.png */,
			);
			path = Source;
			sourceTree = "<group>";
		};
		1E67FABF1DC050B500D43A6C /* Docx */ = {
			isa = PBXGroup;
			children = (
				1E67FAC01DC050B500D43A6C /* coexistcrane.docx */,
				1E67FAC11DC050B500D43A6C /* coexistcrane.jpg */,
				1E67FAC21DC050B500D43A6C /* darkkisssylviaday.docx */,
				1E67FAC31DC050B500D43A6C /* darkkisssylviaday.jpg */,
				1E67FAC41DC050B500D43A6C /* isthislove.docx */,
				1E67FAC51DC050B500D43A6C /* isthislove.jpg */,
				1E67FAC61DC050B500D43A6C /* lovelikethishubbard.docx */,
				1E67FAC71DC050B500D43A6C /* lovelikethishubbard.jpg */,
				1E67FAC81DC050B500D43A6C /* lumberlacewards.docx */,
				1E67FAC91DC050B500D43A6C /* lumberlacewards.jpg */,
			);
			path = Docx;
			sourceTree = "<group>";
		};
		1E67FACA1DC050B500D43A6C /* Html */ = {
			isa = PBXGroup;
			children = (
				1E67FACB1DC050B500D43A6C /* Lập trình iOS Objective-C.html */,
				1E67FACC1DC050B500D43A6C /* Lập trình iOS Objective-C.jpg */,
			);
			path = Html;
			sourceTree = "<group>";
		};
		1E67FACE1DC050B500D43A6C /* PDF */ = {
			isa = PBXGroup;
			children = (
				1E67FACF1DC050B500D43A6C /* abrieferhistory.jpg */,
				1E67FAD01DC050B500D43A6C /* abrieferhistory.pdf */,
				1E67FAD11DC050B500D43A6C /* aspoofonsexdonwireman.jpg */,
				1E67FAD21DC050B500D43A6C /* aspoofonsexdonwireman.pdf */,
				1E67FAD31DC050B500D43A6C /* barrysworldjenvey.jpg */,
				1E67FAD41DC050B500D43A6C /* barrysworldjenvey.pdf */,
				1E67FAD51DC050B500D43A6C /* foreigneduwilliam.jpg */,
				1E67FAD61DC050B500D43A6C /* foreigneduwilliam.pdf */,
				1E67FAD71DC050B500D43A6C /* gonewithtrash.jpg */,
				1E67FAD81DC050B500D43A6C /* gonewithtrash.pdf */,
				1E67FAD91DC050B500D43A6C /* gospelbuckydennis.jpg */,
				1E67FADA1DC050B500D43A6C /* gospelbuckydennis.pdf */,
				1E67FADB1DC050B500D43A6C /* oddjobsbowling.jpg */,
				1E67FADC1DC050B500D43A6C /* oddjobsbowling.pdf */,
				1E67FADD1DC050B500D43A6C /* oneclownshortwright.jpg */,
				1E67FADE1DC050B500D43A6C /* oneclownshortwright.pdf */,
				1E67FADF1DC050B500D43A6C /* questingromana.jpg */,
				1E67FAE01DC050B500D43A6C /* questingromana.pdf */,
				1E67FAE11DC050B500D43A6C /* thedistancetravelled.jpg */,
				1E67FAE21DC050B500D43A6C /* thedistancetravelled.pdf */,
			);
			path = PDF;
			sourceTree = "<group>";
		};
/* End PBXGroup section */

/* Begin PBXNativeTarget section */
		1E490CCC1DBDBE7A00233489 /* WebView */ = {
			isa = PBXNativeTarget;
			buildConfigurationList = 1E490CDF1DBDBE7A00233489 /* Build configuration list for PBXNativeTarget "WebView" */;
			buildPhases = (
				1E490CC91DBDBE7A00233489 /* Sources */,
				1E490CCA1DBDBE7A00233489 /* Frameworks */,
				1E490CCB1DBDBE7A00233489 /* Resources */,
			);
			buildRules = (
			);
			dependencies = (
			);
			name = WebView;
			productName = WebView;
			productReference = 1E490CCD1DBDBE7A00233489 /* WebView.app */;
			productType = "com.apple.product-type.application";
		};
/* End PBXNativeTarget section */

/* Begin PBXProject section */
		1E490CC51DBDBE7A00233489 /* Project object */ = {
			isa = PBXProject;
			attributes = {
				LastSwiftUpdateCheck = 0800;
				LastUpgradeCheck = 0800;
				ORGANIZATIONNAME = Duong;
				TargetAttributes = {
					1E490CCC1DBDBE7A00233489 = {
						CreatedOnToolsVersion = 8.0;
						ProvisioningStyle = Automatic;
					};
				};
			};
			buildConfigurationList = 1E490CC81DBDBE7A00233489 /* Build configuration list for PBXProject "WebView" */;
			compatibilityVersion = "Xcode 3.2";
			developmentRegion = English;
			hasScannedForEncodings = 0;
			knownRegions = (
				en,
				Base,
			);
			mainGroup = 1E490CC41DBDBE7A00233489;
			productRefGroup = 1E490CCE1DBDBE7A00233489 /* Products */;
			projectDirPath = "";
			projectRoot = "";
			targets = (
				1E490CCC1DBDBE7A00233489 /* WebView */,
			);
		};
/* End PBXProject section */

/* Begin PBXResourcesBuildPhase section */
		1E490CCB1DBDBE7A00233489 /* Resources */ = {
			isa = PBXResourcesBuildPhase;
			buildActionMask = 2147483647;
			files = (
				1E67FAF21DC050B500D43A6C /* html.png in Resources */,
				1E67FAE61DC050B500D43A6C /* coexistcrane.docx in Resources */,
				1E67FAE71DC050B500D43A6C /* coexistcrane.jpg in Resources */,
				1E67FAF91DC050B500D43A6C /* foreigneduwilliam.jpg in Resources */,
				1E67FB021DC050B500D43A6C /* oneclownshortwright.pdf in Resources */,
				1E67FAF81DC050B500D43A6C /* barrysworldjenvey.pdf in Resources */,
				1E67FAF41DC050B500D43A6C /* abrieferhistory.pdf in Resources */,
				1E67FAFE1DC050B500D43A6C /* gospelbuckydennis.pdf in Resources */,
				1E67FAE51DC050B500D43A6C /* doc.png in Resources */,
				1E67FAEF1DC050B500D43A6C /* lumberlacewards.jpg in Resources */,
				1E67FAF71DC050B500D43A6C /* barrysworldjenvey.jpg in Resources */,
				1E67FAFD1DC050B500D43A6C /* gospelbuckydennis.jpg in Resources */,
				1E67FAEC1DC050B500D43A6C /* lovelikethishubbard.docx in Resources */,
				1E67FB061DC050B500D43A6C /* thedistancetravelled.pdf in Resources */,
				1E67FAEE1DC050B500D43A6C /* lumberlacewards.docx in Resources */,
				1E67FB051DC050B500D43A6C /* thedistancetravelled.jpg in Resources */,
				1E67FAE81DC050B500D43A6C /* darkkisssylviaday.docx in Resources */,
				1E67FB031DC050B500D43A6C /* questingromana.jpg in Resources */,
				1E67FB081DC050B500D43A6C /* web.png in Resources */,
				1E67FAF51DC050B500D43A6C /* aspoofonsexdonwireman.jpg in Resources */,
				1E67FAEA1DC050B500D43A6C /* isthislove.docx in Resources */,
				1E67FB011DC050B500D43A6C /* oneclownshortwright.jpg in Resources */,
				1E67FAFC1DC050B500D43A6C /* gonewithtrash.pdf in Resources */,
				1E67FAF11DC050B500D43A6C /* Lập trình iOS Objective-C.jpg in Resources */,
				1E67FAFB1DC050B500D43A6C /* gonewithtrash.jpg in Resources */,
				1E67FB071DC050B500D43A6C /* pdf.png in Resources */,
				1E67FAFA1DC050B500D43A6C /* foreigneduwilliam.pdf in Resources */,
				1E490CDB1DBDBE7A00233489 /* LaunchScreen.storyboard in Resources */,
				1E67FAF01DC050B500D43A6C /* Lập trình iOS Objective-C.html in Resources */,
				1E490CD81DBDBE7A00233489 /* Assets.xcassets in Resources */,
				1E67FB001DC050B500D43A6C /* oddjobsbowling.pdf in Resources */,
				1E67FB041DC050B500D43A6C /* questingromana.pdf in Resources */,
				1E67FAE91DC050B500D43A6C /* darkkisssylviaday.jpg in Resources */,
				1E67FAF61DC050B500D43A6C /* aspoofonsexdonwireman.pdf in Resources */,
				1E67FAED1DC050B500D43A6C /* lovelikethishubbard.jpg in Resources */,
				1E490CD61DBDBE7A00233489 /* Main.storyboard in Resources */,
				1E67FAF31DC050B500D43A6C /* abrieferhistory.jpg in Resources */,
				1E67FAFF1DC050B500D43A6C /* oddjobsbowling.jpg in Resources */,
				1E67FAEB1DC050B500D43A6C /* isthislove.jpg in Resources */,
			);
			runOnlyForDeploymentPostprocessing = 0;
		};
/* End PBXResourcesBuildPhase section */

/* Begin PBXSourcesBuildPhase section */
		1E490CC91DBDBE7A00233489 /* Sources */ = {
			isa = PBXSourcesBuildPhase;
			buildActionMask = 2147483647;
			files = (
				1E490CE31DBDC01300233489 /* ViewBooks.swift in Sources */,
				1E439EAF1DBEF8E600C26E6D /* DetailBook.swift in Sources */,
				1E490CD31DBDBE7A00233489 /* ViewController.swift in Sources */,
				1E439EB41DBF0C9600C26E6D /* LoadURL.swift in Sources */,
				1E490D331DBDCB0700233489 /* AcellBook.swift in Sources */,
				1E490CD11DBDBE7A00233489 /* AppDelegate.swift in Sources */,
			);
			runOnlyForDeploymentPostprocessing = 0;
		};
/* End PBXSourcesBuildPhase section */

/* Begin PBXVariantGroup section */
		1E490CD41DBDBE7A00233489 /* Main.storyboard */ = {
			isa = PBXVariantGroup;
			children = (
				1E490CD51DBDBE7A00233489 /* Base */,
			);
			name = Main.storyboard;
			sourceTree = "<group>";
		};
		1E490CD91DBDBE7A00233489 /* LaunchScreen.storyboard */ = {
			isa = PBXVariantGroup;
			children = (
				1E490CDA1DBDBE7A00233489 /* Base */,
			);
			name = LaunchScreen.storyboard;
			sourceTree = "<group>";
		};
/* End PBXVariantGroup section */

/* Begin XCBuildConfiguration section */
		1E490CDD1DBDBE7A00233489 /* Debug */ = {
			isa = XCBuildConfiguration;
			buildSettings = {
				ALWAYS_SEARCH_USER_PATHS = NO;
				CLANG_ANALYZER_NONNULL = YES;
				CLANG_CXX_LANGUAGE_STANDARD = "gnu++0x";
				CLANG_CXX_LIBRARY = "libc++";
				CLANG_ENABLE_MODULES = YES;
				CLANG_ENABLE_OBJC_ARC = YES;
				CLANG_WARN_BOOL_CONVERSION = YES;
				CLANG_WARN_CONSTANT_CONVERSION = YES;
				CLANG_WARN_DIRECT_OBJC_ISA_USAGE = YES_ERROR;
				CLANG_WARN_DOCUMENTATION_COMMENTS = YES;
				CLANG_WARN_EMPTY_BODY = YES;
				CLANG_WARN_ENUM_CONVERSION = YES;
				CLANG_WARN_INFINITE_RECURSION = YES;
				CLANG_WARN_INT_CONVERSION = YES;
				CLANG_WARN_OBJC_ROOT_CLASS = YES_ERROR;
				CLANG_WARN_SUSPICIOUS_MOVES = YES;
				CLANG_WARN_UNREACHABLE_CODE = YES;
				CLANG_WARN__DUPLICATE_METHOD_MATCH = YES;
				"CODE_SIGN_IDENTITY[sdk=iphoneos*]" = "iPhone Developer";
				COPY_PHASE_STRIP = NO;
				DEBUG_INFORMATION_FORMAT = dwarf;
				ENABLE_STRICT_OBJC_MSGSEND = YES;
				ENABLE_TESTABILITY = YES;
				GCC_C_LANGUAGE_STANDARD = gnu99;
				GCC_DYNAMIC_NO_PIC = NO;
				GCC_NO_COMMON_BLOCKS = YES;
				GCC_OPTIMIZATION_LEVEL = 0;
				GCC_PREPROCESSOR_DEFINITIONS = (
					"DEBUG=1",
					"$(inherited)",
				);
				GCC_WARN_64_TO_32_BIT_CONVERSION = YES;
				GCC_WARN_ABOUT_RETURN_TYPE = YES_ERROR;
				GCC_WARN_UNDECLARED_SELECTOR = YES;
				GCC_WARN_UNINITIALIZED_AUTOS = YES_AGGRESSIVE;
				GCC_WARN_UNUSED_FUNCTION = YES;
				GCC_WARN_UNUSED_VARIABLE = YES;
				IPHONEOS_DEPLOYMENT_TARGET = 10.0;
				MTL_ENABLE_DEBUG_INFO = YES;
				ONLY_ACTIVE_ARCH = YES;
				SDKROOT = iphoneos;
				SWIFT_ACTIVE_COMPILATION_CONDITIONS = DEBUG;
				SWIFT_OPTIMIZATION_LEVEL = "-Onone";
				TARGETED_DEVICE_FAMILY = "1,2";
			};
			name = Debug;
		};
		1E490CDE1DBDBE7A00233489 /* Release */ = {
			isa = XCBuildConfiguration;
			buildSettings = {
				ALWAYS_SEARCH_USER_PATHS = NO;
				CLANG_ANALYZER_NONNULL = YES;
				CLANG_CXX_LANGUAGE_STANDARD = "gnu++0x";
				CLANG_CXX_LIBRARY = "libc++";
				CLANG_ENABLE_MODULES = YES;
				CLANG_ENABLE_OBJC_ARC = YES;
				CLANG_WARN_BOOL_CONVERSION = YES;
				CLANG_WARN_CONSTANT_CONVERSION = YES;
				CLANG_WARN_DIRECT_OBJC_ISA_USAGE = YES_ERROR;
				CLANG_WARN_DOCUMENTATION_COMMENTS = YES;
				CLANG_WARN_EMPTY_BODY = YES;
				CLANG_WARN_ENUM_CONVERSION = YES;
				CLANG_WARN_INFINITE_RECURSION = YES;
				CLANG_WARN_INT_CONVERSION = YES;
				CLANG_WARN_OBJC_ROOT_CLASS = YES_ERROR;
				CLANG_WARN_SUSPICIOUS_MOVES = YES;
				CLANG_WARN_UNREACHABLE_CODE = YES;
				CLANG_WARN__DUPLICATE_METHOD_MATCH = YES;
				"CODE_SIGN_IDENTITY[sdk=iphoneos*]" = "iPhone Developer";
				COPY_PHASE_STRIP = NO;
				DEBUG_INFORMATION_FORMAT = "dwarf-with-dsym";
				ENABLE_NS_ASSERTIONS = NO;
				ENABLE_STRICT_OBJC_MSGSEND = YES;
				GCC_C_LANGUAGE_STANDARD = gnu99;
				GCC_NO_COMMON_BLOCKS = YES;
				GCC_WARN_64_TO_32_BIT_CONVERSION = YES;
				GCC_WARN_ABOUT_RETURN_TYPE = YES_ERROR;
				GCC_WARN_UNDECLARED_SELECTOR = YES;
				GCC_WARN_UNINITIALIZED_AUTOS = YES_AGGRESSIVE;
				GCC_WARN_UNUSED_FUNCTION = YES;
				GCC_WARN_UNUSED_VARIABLE = YES;
				IPHONEOS_DEPLOYMENT_TARGET = 10.0;
				MTL_ENABLE_DEBUG_INFO = NO;
				SDKROOT = iphoneos;
				SWIFT_OPTIMIZATION_LEVEL = "-Owholemodule";
				TARGETED_DEVICE_FAMILY = "1,2";
				VALIDATE_PRODUCT = YES;
			};
			name = Release;
		};
		1E490CE01DBDBE7A00233489 /* Debug */ = {
			isa = XCBuildConfiguration;
			buildSettings = {
				ASSETCATALOG_COMPILER_APPICON_NAME = AppIcon;
				INFOPLIST_FILE = WebView/Info.plist;
				LD_RUNPATH_SEARCH_PATHS = "$(inherited) @executable_path/Frameworks";
				PRODUCT_BUNDLE_IDENTIFIER = com.md.WebView;
				PRODUCT_NAME = "$(TARGET_NAME)";
				SWIFT_VERSION = 3.0;
			};
			name = Debug;
		};
		1E490CE11DBDBE7A00233489 /* Release */ = {
			isa = XCBuildConfiguration;
			buildSettings = {
				ASSETCATALOG_COMPILER_APPICON_NAME = AppIcon;
				INFOPLIST_FILE = WebView/Info.plist;
				LD_RUNPATH_SEARCH_PATHS = "$(inherited) @executable_path/Frameworks";
				PRODUCT_BUNDLE_IDENTIFIER = com.md.WebView;
				PRODUCT_NAME = "$(TARGET_NAME)";
				SWIFT_VERSION = 3.0;
			};
			name = Release;
		};
/* End XCBuildConfiguration section */

/* Begin XCConfigurationList section */
		1E490CC81DBDBE7A00233489 /* Build configuration list for PBXProject "WebView" */ = {
			isa = XCConfigurationList;
			buildConfigurations = (
				1E490CDD1DBDBE7A00233489 /* Debug */,
				1E490CDE1DBDBE7A00233489 /* Release */,
			);
			defaultConfigurationIsVisible = 0;
			defaultConfigurationName = Release;
		};
		1E490CDF1DBDBE7A00233489 /* Build configuration list for PBXNativeTarget "WebView" */ = {
			isa = XCConfigurationList;
			buildConfigurations = (
				1E490CE01DBDBE7A00233489 /* Debug */,
				1E490CE11DBDBE7A00233489 /* Release */,
			);
			defaultConfigurationIsVisible = 0;
			defaultConfigurationName = Release;
		};
/* End XCConfigurationList section */
	};
	rootObject = 1E490CC51DBDBE7A00233489 /* Project object */;
}
